
Microsoft Visual Studio Solution File, Format Version 12.00
Project("{FAE04EC0-301F-11D3-BF4B-00C04F79EFBC}") = "lab2", "lab2\lab2.csproj", "{CFA41E90-F211-473E-814E-8E542502C73F}"
EndProject
Global
	GlobalSection(SolutionConfigurationPlatforms) = preSolution
		Debug|Any CPU = Debug|Any CPU
		Release|Any CPU = Release|Any CPU
	EndGlobalSection
	GlobalSection(ProjectConfigurationPlatforms) = postSolution
		{CFA41E90-F211-473E-814E-8E542502C73F}.Debug|Any CPU.ActiveCfg = Debug|Any CPU
		{CFA41E90-F211-473E-814E-8E542502C73F}.Debug|Any CPU.Build.0 = Debug|Any CPU
		{CFA41E90-F211-473E-814E-8E542502C73F}.Release|Any CPU.ActiveCfg = Release|Any CPU
		{CFA41E90-F211-473E-814E-8E542502C73F}.Release|Any CPU.Build.0 = Release|Any CPU
	EndGlobalSection
EndGlobal
