
Microsoft Visual Studio Solution File, Format Version 12.00
Project("{FAE04EC0-301F-11D3-BF4B-00C04F79EFBC}") = "UI", "UI\UI.csproj", "{83DD277D-5839-4543-A0A4-BBFF777679A9}"
EndProject
Project("{FAE04EC0-301F-11D3-BF4B-00C04F79EFBC}") = "Domain", "Domain\Domain.csproj", "{E65D4B97-F2FD-4654-84AD-909D407F5C25}"
EndProject
Project("{FAE04EC0-301F-11D3-BF4B-00C04F79EFBC}") = "Application", "Application\Application.csproj", "{A2E3CFD4-46EE-4367-AC1A-CE4DF83C67F1}"
EndProject
Project("{FAE04EC0-301F-11D3-BF4B-00C04F79EFBC}") = "Persistense", "Persistense\Persistense.csproj", "{04CFA973-1FD2-45E6-9C08-E7AA4EE6F7FD}"
EndProject
Global
	GlobalSection(SolutionConfigurationPlatforms) = preSolution
		Debug|Any CPU = Debug|Any CPU
		Release|Any CPU = Release|Any CPU
	EndGlobalSection
	GlobalSection(ProjectConfigurationPlatforms) = postSolution
		{83DD277D-5839-4543-A0A4-BBFF777679A9}.Debug|Any CPU.ActiveCfg = Debug|Any CPU
		{83DD277D-5839-4543-A0A4-BBFF777679A9}.Debug|Any CPU.Build.0 = Debug|Any CPU
		{83DD277D-5839-4543-A0A4-BBFF777679A9}.Release|Any CPU.ActiveCfg = Release|Any CPU
		{83DD277D-5839-4543-A0A4-BBFF777679A9}.Release|Any CPU.Build.0 = Release|Any CPU
		{E65D4B97-F2FD-4654-84AD-909D407F5C25}.Debug|Any CPU.ActiveCfg = Debug|Any CPU
		{E65D4B97-F2FD-4654-84AD-909D407F5C25}.Debug|Any CPU.Build.0 = Debug|Any CPU
		{E65D4B97-F2FD-4654-84AD-909D407F5C25}.Release|Any CPU.ActiveCfg = Release|Any CPU
		{E65D4B97-F2FD-4654-84AD-909D407F5C25}.Release|Any CPU.Build.0 = Release|Any CPU
		{A2E3CFD4-46EE-4367-AC1A-CE4DF83C67F1}.Debug|Any CPU.ActiveCfg = Debug|Any CPU
		{A2E3CFD4-46EE-4367-AC1A-CE4DF83C67F1}.Debug|Any CPU.Build.0 = Debug|Any CPU
		{A2E3CFD4-46EE-4367-AC1A-CE4DF83C67F1}.Release|Any CPU.ActiveCfg = Release|Any CPU
		{A2E3CFD4-46EE-4367-AC1A-CE4DF83C67F1}.Release|Any CPU.Build.0 = Release|Any CPU
		{04CFA973-1FD2-45E6-9C08-E7AA4EE6F7FD}.Debug|Any CPU.ActiveCfg = Debug|Any CPU
		{04CFA973-1FD2-45E6-9C08-E7AA4EE6F7FD}.Debug|Any CPU.Build.0 = Debug|Any CPU
		{04CFA973-1FD2-45E6-9C08-E7AA4EE6F7FD}.Release|Any CPU.ActiveCfg = Release|Any CPU
		{04CFA973-1FD2-45E6-9C08-E7AA4EE6F7FD}.Release|Any CPU.Build.0 = Release|Any CPU
	EndGlobalSection
EndGlobal
